
Microsoft Visual Studio Solution File, Format Version 12.00
# Visual Studio Version 17
VisualStudioVersion = 17.6.33712.159
MinimumVisualStudioVersion = 10.0.40219.1
Project("{9A19103F-16F7-4668-BE54-9A1E7A4F7556}") = "KafkaConsumer", "KafkaConsumer\KafkaConsumer.csproj", "{6CC555CA-64B0-4895-8BFE-C75A8843E453}"
EndProject
Project("{FAE04EC0-301F-11D3-BF4B-00C04F79EFBC}") = "Connectors", "Connectors\Connectors.csproj", "{6C473EFF-E0CF-47CE-BDAC-30E9421228CC}"
EndProject
Project("{FAE04EC0-301F-11D3-BF4B-00C04F79EFBC}") = "Workers", "Workers\Workers.csproj", "{F209611B-7FD5-41C9-A08B-5CDB4D82C772}"
EndProject
Global
	GlobalSection(SolutionConfigurationPlatforms) = preSolution
		Debug|Any CPU = Debug|Any CPU
		Release|Any CPU = Release|Any CPU
	EndGlobalSection
	GlobalSection(ProjectConfigurationPlatforms) = postSolution
		{6CC555CA-64B0-4895-8BFE-C75A8843E453}.Debug|Any CPU.ActiveCfg = Debug|Any CPU
		{6CC555CA-64B0-4895-8BFE-C75A8843E453}.Debug|Any CPU.Build.0 = Debug|Any CPU
		{6CC555CA-64B0-4895-8BFE-C75A8843E453}.Release|Any CPU.ActiveCfg = Release|Any CPU
		{6CC555CA-64B0-4895-8BFE-C75A8843E453}.Release|Any CPU.Build.0 = Release|Any CPU
		{6C473EFF-E0CF-47CE-BDAC-30E9421228CC}.Debug|Any CPU.ActiveCfg = Debug|Any CPU
		{6C473EFF-E0CF-47CE-BDAC-30E9421228CC}.Debug|Any CPU.Build.0 = Debug|Any CPU
		{6C473EFF-E0CF-47CE-BDAC-30E9421228CC}.Release|Any CPU.ActiveCfg = Release|Any CPU
		{6C473EFF-E0CF-47CE-BDAC-30E9421228CC}.Release|Any CPU.Build.0 = Release|Any CPU
		{F209611B-7FD5-41C9-A08B-5CDB4D82C772}.Debug|Any CPU.ActiveCfg = Debug|Any CPU
		{F209611B-7FD5-41C9-A08B-5CDB4D82C772}.Debug|Any CPU.Build.0 = Debug|Any CPU
		{F209611B-7FD5-41C9-A08B-5CDB4D82C772}.Release|Any CPU.ActiveCfg = Release|Any CPU
		{F209611B-7FD5-41C9-A08B-5CDB4D82C772}.Release|Any CPU.Build.0 = Release|Any CPU
	EndGlobalSection
	GlobalSection(SolutionProperties) = preSolution
		HideSolutionNode = FALSE
	EndGlobalSection
	GlobalSection(ExtensibilityGlobals) = postSolution
		SolutionGuid = {CE63EB90-F665-4000-ACE0-0B9993E3CA67}
	EndGlobalSection
EndGlobal
